
Microsoft Visual Studio Solution File, Format Version 12.00
# Visual Studio Version 16
VisualStudioVersion = 16.0.30717.126
MinimumVisualStudioVersion = 10.0.40219.1
Project("{FAE04EC0-301F-11D3-BF4B-00C04F79EFBC}") = "ServerConfigMtk-P2-20190140110", "ServerConfigMtk-P2-20190140110\ServerConfigMtk-P2-20190140110.csproj", "{1FD5221B-29AB-4F32-AC8B-E7292362A3C6}"
EndProject
Global
	GlobalSection(SolutionConfigurationPlatforms) = preSolution
		Debug|Any CPU = Debug|Any CPU
		Release|Any CPU = Release|Any CPU
	EndGlobalSection
	GlobalSection(ProjectConfigurationPlatforms) = postSolution
		{1FD5221B-29AB-4F32-AC8B-E7292362A3C6}.Debug|Any CPU.ActiveCfg = Debug|Any CPU
		{1FD5221B-29AB-4F32-AC8B-E7292362A3C6}.Debug|Any CPU.Build.0 = Debug|Any CPU
		{1FD5221B-29AB-4F32-AC8B-E7292362A3C6}.Release|Any CPU.ActiveCfg = Release|Any CPU
		{1FD5221B-29AB-4F32-AC8B-E7292362A3C6}.Release|Any CPU.Build.0 = Release|Any CPU
	EndGlobalSection
	GlobalSection(SolutionProperties) = preSolution
		HideSolutionNode = FALSE
	EndGlobalSection
	GlobalSection(ExtensibilityGlobals) = postSolution
		SolutionGuid = {167E6733-7FEC-4B62-8744-66858EEBDDE5}
	EndGlobalSection
EndGlobal
